// !$*UTF8*$!
{
	archiveVersion = 1;
	classes = {};
	objectVersion = 77;
	objects = {

/* Begin PBXBuildFile section */
		A10000000000000000000001 /* R3ControlApp.swift in Sources */ = {isa = PBXBuildFile; fileRef = B10000000000000000000001 /* R3ControlApp.swift */; };
		A10000000000000000000002 /* AppModel.swift in Sources */ = {isa = PBXBuildFile; fileRef = B10000000000000000000002 /* AppModel.swift */; };
		A10000000000000000000003 /* HardwareMonitor.swift in Sources */ = {isa = PBXBuildFile; fileRef = B10000000000000000000003 /* HardwareMonitor.swift */; };
		A10000000000000000000004 /* SystemReaders.swift in Sources */ = {isa = PBXBuildFile; fileRef = B10000000000000000000004 /* SystemReaders.swift */; };
		A10000000000000000000005 /* DesignSystem.swift in Sources */ = {isa = PBXBuildFile; fileRef = B10000000000000000000005 /* DesignSystem.swift */; };
		A10000000000000000000006 /* OverviewView.swift in Sources */ = {isa = PBXBuildFile; fileRef = B10000000000000000000006 /* OverviewView.swift */; };
		A10000000000000000000007 /* CoolingView.swift in Sources */ = {isa = PBXBuildFile; fileRef = B10000000000000000000007 /* CoolingView.swift */; };
		A10000000000000000000008 /* BatteryView.swift in Sources */ = {isa = PBXBuildFile; fileRef = B10000000000000000000008 /* BatteryView.swift */; };
		A10000000000000000000009 /* DiagnosticsView.swift in Sources */ = {isa = PBXBuildFile; fileRef = B10000000000000000000009 /* DiagnosticsView.swift */; };
		A1000000000000000000000A /* SMCBridge.c in Sources */ = {isa = PBXBuildFile; fileRef = B1000000000000000000000A /* SMCBridge.c */; };
		A1000000000000000000000B /* HardwareSnapshot.swift in App Sources */ = {isa = PBXBuildFile; fileRef = B1000000000000000000000D /* HardwareSnapshot.swift */; };
		A1000000000000000000000C /* SharedSnapshotStore.swift in App Sources */ = {isa = PBXBuildFile; fileRef = B1000000000000000000000E /* SharedSnapshotStore.swift */; };
		A1000000000000000000000D /* R3ControlWidget.swift in Sources */ = {isa = PBXBuildFile; fileRef = B10000000000000000000010 /* R3ControlWidget.swift */; };
		A1000000000000000000000E /* HardwareSnapshot.swift in Widget Sources */ = {isa = PBXBuildFile; fileRef = B1000000000000000000000D /* HardwareSnapshot.swift */; };
		A1000000000000000000000F /* SharedSnapshotStore.swift in Widget Sources */ = {isa = PBXBuildFile; fileRef = B1000000000000000000000E /* SharedSnapshotStore.swift */; };
		A10000000000000000000010 /* R3ControlWidget.appex in Embed App Extensions */ = {isa = PBXBuildFile; fileRef = B10000000000000000000012 /* R3ControlWidget.appex */; settings = {ATTRIBUTES = (RemoveHeadersOnCopy, ); }; };
		A10000000000000000000011 /* SwiftUI.framework in App Frameworks */ = {isa = PBXBuildFile; fileRef = B10000000000000000000020 /* SwiftUI.framework */; };
		A10000000000000000000012 /* Charts.framework in App Frameworks */ = {isa = PBXBuildFile; fileRef = B10000000000000000000021 /* Charts.framework */; };
		A10000000000000000000013 /* WidgetKit.framework in App Frameworks */ = {isa = PBXBuildFile; fileRef = B10000000000000000000022 /* WidgetKit.framework */; };
		A10000000000000000000014 /* IOKit.framework in App Frameworks */ = {isa = PBXBuildFile; fileRef = B10000000000000000000023 /* IOKit.framework */; };
		A10000000000000000000015 /* SwiftUI.framework in Widget Frameworks */ = {isa = PBXBuildFile; fileRef = B10000000000000000000020 /* SwiftUI.framework */; };
		A10000000000000000000016 /* WidgetKit.framework in Widget Frameworks */ = {isa = PBXBuildFile; fileRef = B10000000000000000000022 /* WidgetKit.framework */; };
		A10000000000000000000017 /* Assets.xcassets in Resources */ = {isa = PBXBuildFile; fileRef = B10000000000000000000016 /* Assets.xcassets */; };
		A10000000000000000000018 /* R3ECClient.swift in Sources */ = {isa = PBXBuildFile; fileRef = B10000000000000000000017 /* R3ECClient.swift */; };
/* End PBXBuildFile section */

/* Begin PBXContainerItemProxy section */
		C10000000000000000000001 /* PBXContainerItemProxy */ = {
			isa = PBXContainerItemProxy;
			containerPortal = F10000000000000000000001 /* Project object */;
			proxyType = 1;
			remoteGlobalIDString = D10000000000000000000002;
			remoteInfo = R3ControlWidget;
		};
/* End PBXContainerItemProxy section */

/* Begin PBXCopyFilesBuildPhase section */
		E10000000000000000000001 /* Embed App Extensions */ = {
			isa = PBXCopyFilesBuildPhase;
			buildActionMask = 2147483647;
			dstPath = "";
			dstSubfolderSpec = 13;
			files = (A10000000000000000000010 /* R3ControlWidget.appex in Embed App Extensions */, );
			name = "Embed App Extensions";
			runOnlyForDeploymentPostprocessing = 0;
		};
/* End PBXCopyFilesBuildPhase section */

/* Begin PBXFileReference section */
		B10000000000000000000001 /* R3ControlApp.swift */ = {isa = PBXFileReference; lastKnownFileType = sourcecode.swift; path = R3ControlApp.swift; sourceTree = "<group>"; };
		B10000000000000000000002 /* AppModel.swift */ = {isa = PBXFileReference; lastKnownFileType = sourcecode.swift; path = AppModel.swift; sourceTree = "<group>"; };
		B10000000000000000000003 /* HardwareMonitor.swift */ = {isa = PBXFileReference; lastKnownFileType = sourcecode.swift; path = HardwareMonitor.swift; sourceTree = "<group>"; };
		B10000000000000000000004 /* SystemReaders.swift */ = {isa = PBXFileReference; lastKnownFileType = sourcecode.swift; path = SystemReaders.swift; sourceTree = "<group>"; };
		B10000000000000000000005 /* DesignSystem.swift */ = {isa = PBXFileReference; lastKnownFileType = sourcecode.swift; path = DesignSystem.swift; sourceTree = "<group>"; };
		B10000000000000000000006 /* OverviewView.swift */ = {isa = PBXFileReference; lastKnownFileType = sourcecode.swift; path = OverviewView.swift; sourceTree = "<group>"; };
		B10000000000000000000007 /* CoolingView.swift */ = {isa = PBXFileReference; lastKnownFileType = sourcecode.swift; path = CoolingView.swift; sourceTree = "<group>"; };
		B10000000000000000000008 /* BatteryView.swift */ = {isa = PBXFileReference; lastKnownFileType = sourcecode.swift; path = BatteryView.swift; sourceTree = "<group>"; };
		B10000000000000000000009 /* DiagnosticsView.swift */ = {isa = PBXFileReference; lastKnownFileType = sourcecode.swift; path = DiagnosticsView.swift; sourceTree = "<group>"; };
		B1000000000000000000000A /* SMCBridge.c */ = {isa = PBXFileReference; lastKnownFileType = sourcecode.c.c; path = SMCBridge.c; sourceTree = "<group>"; };
		B1000000000000000000000B /* SMCBridge.h */ = {isa = PBXFileReference; lastKnownFileType = sourcecode.c.h; path = SMCBridge.h; sourceTree = "<group>"; };
		B1000000000000000000000C /* R3Control-Bridging-Header.h */ = {isa = PBXFileReference; lastKnownFileType = sourcecode.c.h; path = "R3Control-Bridging-Header.h"; sourceTree = "<group>"; };
		B1000000000000000000000D /* HardwareSnapshot.swift */ = {isa = PBXFileReference; lastKnownFileType = sourcecode.swift; path = HardwareSnapshot.swift; sourceTree = "<group>"; };
		B1000000000000000000000E /* SharedSnapshotStore.swift */ = {isa = PBXFileReference; lastKnownFileType = sourcecode.swift; path = SharedSnapshotStore.swift; sourceTree = "<group>"; };
		B1000000000000000000000F /* App Info.plist */ = {isa = PBXFileReference; lastKnownFileType = text.plist.xml; path = Info.plist; sourceTree = "<group>"; };
		B10000000000000000000010 /* R3ControlWidget.swift */ = {isa = PBXFileReference; lastKnownFileType = sourcecode.swift; path = R3ControlWidget.swift; sourceTree = "<group>"; };
		B10000000000000000000011 /* Widget Info.plist */ = {isa = PBXFileReference; lastKnownFileType = text.plist.xml; path = Info.plist; sourceTree = "<group>"; };
		B10000000000000000000012 /* R3ControlWidget.appex */ = {isa = PBXFileReference; explicitFileType = "wrapper.app-extension"; includeInIndex = 0; path = R3ControlWidget.appex; sourceTree = BUILT_PRODUCTS_DIR; };
		B10000000000000000000013 /* R3Control.app */ = {isa = PBXFileReference; explicitFileType = wrapper.application; includeInIndex = 0; path = R3Control.app; sourceTree = BUILT_PRODUCTS_DIR; };
		B10000000000000000000014 /* README.md */ = {isa = PBXFileReference; lastKnownFileType = net.daringfireball.markdown; path = README.md; sourceTree = "<group>"; };
		B10000000000000000000015 /* LICENSE */ = {isa = PBXFileReference; lastKnownFileType = text; path = LICENSE; sourceTree = "<group>"; };
		B10000000000000000000016 /* Assets.xcassets */ = {isa = PBXFileReference; lastKnownFileType = folder.assetcatalog; path = Assets.xcassets; sourceTree = "<group>"; };
		B10000000000000000000017 /* R3ECClient.swift */ = {isa = PBXFileReference; lastKnownFileType = sourcecode.swift; path = R3ECClient.swift; sourceTree = "<group>"; };
		B10000000000000000000020 /* SwiftUI.framework */ = {isa = PBXFileReference; lastKnownFileType = wrapper.framework; name = SwiftUI.framework; path = System/Library/Frameworks/SwiftUI.framework; sourceTree = SDKROOT; };
		B10000000000000000000021 /* Charts.framework */ = {isa = PBXFileReference; lastKnownFileType = wrapper.framework; name = Charts.framework; path = System/Library/Frameworks/Charts.framework; sourceTree = SDKROOT; };
		B10000000000000000000022 /* WidgetKit.framework */ = {isa = PBXFileReference; lastKnownFileType = wrapper.framework; name = WidgetKit.framework; path = System/Library/Frameworks/WidgetKit.framework; sourceTree = SDKROOT; };
		B10000000000000000000023 /* IOKit.framework */ = {isa = PBXFileReference; lastKnownFileType = wrapper.framework; name = IOKit.framework; path = System/Library/Frameworks/IOKit.framework; sourceTree = SDKROOT; };
/* End PBXFileReference section */

/* Begin PBXFrameworksBuildPhase section */
		E10000000000000000000002 /* App Frameworks */ = {isa = PBXFrameworksBuildPhase; buildActionMask = 2147483647; files = (A10000000000000000000011, A10000000000000000000012, A10000000000000000000013, A10000000000000000000014, ); runOnlyForDeploymentPostprocessing = 0; };
		E10000000000000000000003 /* Widget Frameworks */ = {isa = PBXFrameworksBuildPhase; buildActionMask = 2147483647; files = (A10000000000000000000015, A10000000000000000000016, ); runOnlyForDeploymentPostprocessing = 0; };
/* End PBXFrameworksBuildPhase section */

/* Begin PBXGroup section */
		F10000000000000000000002 = {
			isa = PBXGroup;
			children = (
				F10000000000000000000003 /* R3Control */,
				F10000000000000000000004 /* Shared */,
				F10000000000000000000005 /* R3ControlWidget */,
				F10000000000000000000006 /* Frameworks */,
				B10000000000000000000014 /* README.md */,
				B10000000000000000000015 /* LICENSE */,
				F10000000000000000000007 /* Products */,
			);
			sourceTree = "<group>";
		};
		F10000000000000000000003 /* R3Control */ = {isa = PBXGroup; path = R3Control; sourceTree = "<group>"; children = (B10000000000000000000001, B10000000000000000000002, B10000000000000000000003, B10000000000000000000017, B10000000000000000000004, B10000000000000000000005, B10000000000000000000006, B10000000000000000000007, B10000000000000000000008, B10000000000000000000009, B1000000000000000000000A, B1000000000000000000000B, B1000000000000000000000C, B1000000000000000000000F, B10000000000000000000016, ); };
		F10000000000000000000004 /* Shared */ = {isa = PBXGroup; path = Shared; sourceTree = "<group>"; children = (B1000000000000000000000D, B1000000000000000000000E, ); };
		F10000000000000000000005 /* R3ControlWidget */ = {isa = PBXGroup; path = R3ControlWidget; sourceTree = "<group>"; children = (B10000000000000000000010, B10000000000000000000011, ); };
		F10000000000000000000006 /* Frameworks */ = {isa = PBXGroup; name = Frameworks; sourceTree = "<group>"; children = (B10000000000000000000020, B10000000000000000000021, B10000000000000000000022, B10000000000000000000023, ); };
		F10000000000000000000007 /* Products */ = {isa = PBXGroup; name = Products; sourceTree = "<group>"; children = (B10000000000000000000013, B10000000000000000000012, ); };
/* End PBXGroup section */

/* Begin PBXNativeTarget section */
		D10000000000000000000001 /* R3Control */ = {
			isa = PBXNativeTarget;
			buildConfigurationList = F10000000000000000000020 /* Build configuration list for PBXNativeTarget R3Control */;
			buildPhases = (E10000000000000000000004 /* Sources */, E10000000000000000000002 /* Frameworks */, E10000000000000000000006 /* Resources */, E10000000000000000000001 /* Embed App Extensions */, );
			buildRules = ();
			dependencies = (C10000000000000000000002 /* PBXTargetDependency */, );
			name = R3Control;
			productName = R3Control;
			productReference = B10000000000000000000013 /* R3Control.app */;
			productType = "com.apple.product-type.application";
		};
		D10000000000000000000002 /* R3ControlWidget */ = {
			isa = PBXNativeTarget;
			buildConfigurationList = F10000000000000000000021 /* Build configuration list for PBXNativeTarget R3ControlWidget */;
			buildPhases = (E10000000000000000000005 /* Sources */, E10000000000000000000003 /* Frameworks */, E10000000000000000000007 /* Resources */, );
			buildRules = ();
			dependencies = ();
			name = R3ControlWidget;
			productName = R3ControlWidget;
			productReference = B10000000000000000000012 /* R3ControlWidget.appex */;
			productType = "com.apple.product-type.app-extension";
		};
/* End PBXNativeTarget section */

/* Begin PBXProject section */
		F10000000000000000000001 /* Project object */ = {
			isa = PBXProject;
			attributes = {BuildIndependentTargetsInParallel = 1; LastSwiftUpdateCheck = 2650; LastUpgradeCheck = 2650; TargetAttributes = {D10000000000000000000001 = {CreatedOnToolsVersion = 26.5; }; D10000000000000000000002 = {CreatedOnToolsVersion = 26.5; }; }; };
			buildConfigurationList = F10000000000000000000010 /* Build configuration list for PBXProject R3Control */;
			compatibilityVersion = "Xcode 16.0";
			developmentRegion = en;
			hasScannedForEncodings = 0;
			knownRegions = (Base, en, );
			mainGroup = F10000000000000000000002;
			productRefGroup = F10000000000000000000007 /* Products */;
			projectDirPath = "";
			projectRoot = "";
			targets = (D10000000000000000000001 /* R3Control */, D10000000000000000000002 /* R3ControlWidget */, );
		};
/* End PBXProject section */

/* Begin PBXResourcesBuildPhase section */
		E10000000000000000000006 /* Resources */ = {isa = PBXResourcesBuildPhase; buildActionMask = 2147483647; files = (A10000000000000000000017, ); runOnlyForDeploymentPostprocessing = 0; };
		E10000000000000000000007 /* Resources */ = {isa = PBXResourcesBuildPhase; buildActionMask = 2147483647; files = (); runOnlyForDeploymentPostprocessing = 0; };
/* End PBXResourcesBuildPhase section */

/* Begin PBXSourcesBuildPhase section */
		E10000000000000000000004 /* Sources */ = {isa = PBXSourcesBuildPhase; buildActionMask = 2147483647; files = (A10000000000000000000001, A10000000000000000000002, A10000000000000000000003, A10000000000000000000018, A10000000000000000000004, A10000000000000000000005, A10000000000000000000006, A10000000000000000000007, A10000000000000000000008, A10000000000000000000009, A1000000000000000000000A, A1000000000000000000000B, A1000000000000000000000C, ); runOnlyForDeploymentPostprocessing = 0; };
		E10000000000000000000005 /* Sources */ = {isa = PBXSourcesBuildPhase; buildActionMask = 2147483647; files = (A1000000000000000000000D, A1000000000000000000000E, A1000000000000000000000F, ); runOnlyForDeploymentPostprocessing = 0; };
/* End PBXSourcesBuildPhase section */

/* Begin PBXTargetDependency section */
		C10000000000000000000002 /* PBXTargetDependency */ = {isa = PBXTargetDependency; target = D10000000000000000000002 /* R3ControlWidget */; targetProxy = C10000000000000000000001 /* PBXContainerItemProxy */; };
/* End PBXTargetDependency section */

/* Begin XCBuildConfiguration section */
		F10000000000000000000030 /* Project Debug */ = {isa = XCBuildConfiguration; buildSettings = {CLANG_ENABLE_MODULES = YES; CLANG_ENABLE_OBJC_ARC = YES; MACOSX_DEPLOYMENT_TARGET = 14.0; SDKROOT = macosx; SWIFT_VERSION = 6.0; }; name = Debug; };
		F10000000000000000000031 /* Project Release */ = {isa = XCBuildConfiguration; buildSettings = {CLANG_ENABLE_MODULES = YES; CLANG_ENABLE_OBJC_ARC = YES; MACOSX_DEPLOYMENT_TARGET = 14.0; SDKROOT = macosx; SWIFT_COMPILATION_MODE = wholemodule; SWIFT_VERSION = 6.0; }; name = Release; };
		F10000000000000000000032 /* App Debug */ = {isa = XCBuildConfiguration; buildSettings = {ASSETCATALOG_COMPILER_APPICON_NAME = AppIcon; CLANG_ENABLE_MODULES = YES; CODE_SIGN_ENTITLEMENTS = R3Control/R3Control.entitlements; CODE_SIGN_STYLE = Automatic; COMBINE_HIDPI_IMAGES = YES; CURRENT_PROJECT_VERSION = 1; DEBUG_INFORMATION_FORMAT = dwarf; ENABLE_HARDENED_RUNTIME = NO; GENERATE_INFOPLIST_FILE = NO; INFOPLIST_FILE = R3Control/Info.plist; LD_RUNPATH_SEARCH_PATHS = "$(inherited) @executable_path/../Frameworks"; MARKETING_VERSION = 0.2.0; PRODUCT_BUNDLE_IDENTIFIER = com.grazt.R3Control; PRODUCT_NAME = "$(TARGET_NAME)"; SWIFT_OBJC_BRIDGING_HEADER = "R3Control/R3Control-Bridging-Header.h"; SWIFT_STRICT_CONCURRENCY = minimal; }; name = Debug; };
		F10000000000000000000033 /* App Release */ = {isa = XCBuildConfiguration; buildSettings = {ASSETCATALOG_COMPILER_APPICON_NAME = AppIcon; CLANG_ENABLE_MODULES = YES; CODE_SIGN_ENTITLEMENTS = R3Control/R3Control.entitlements; CODE_SIGN_STYLE = Automatic; COMBINE_HIDPI_IMAGES = YES; CURRENT_PROJECT_VERSION = 1; ENABLE_HARDENED_RUNTIME = YES; GENERATE_INFOPLIST_FILE = NO; INFOPLIST_FILE = R3Control/Info.plist; LD_RUNPATH_SEARCH_PATHS = "$(inherited) @executable_path/../Frameworks"; MARKETING_VERSION = 0.2.0; PRODUCT_BUNDLE_IDENTIFIER = com.grazt.R3Control; PRODUCT_NAME = "$(TARGET_NAME)"; SWIFT_OBJC_BRIDGING_HEADER = "R3Control/R3Control-Bridging-Header.h"; SWIFT_STRICT_CONCURRENCY = minimal; }; name = Release; };
		F10000000000000000000034 /* Widget Debug */ = {isa = XCBuildConfiguration; buildSettings = {APPLICATION_EXTENSION_API_ONLY = YES; CODE_SIGN_STYLE = Automatic; CURRENT_PROJECT_VERSION = 1; DEBUG_INFORMATION_FORMAT = dwarf; GENERATE_INFOPLIST_FILE = NO; INFOPLIST_FILE = R3ControlWidget/Info.plist; LD_RUNPATH_SEARCH_PATHS = "$(inherited) @executable_path/../../../../Frameworks"; MARKETING_VERSION = 0.2.0; PRODUCT_BUNDLE_IDENTIFIER = com.grazt.R3Control.Widget; PRODUCT_NAME = "$(TARGET_NAME)"; SKIP_INSTALL = YES; SWIFT_STRICT_CONCURRENCY = minimal; }; name = Debug; };
		F10000000000000000000035 /* Widget Release */ = {isa = XCBuildConfiguration; buildSettings = {APPLICATION_EXTENSION_API_ONLY = YES; CODE_SIGN_STYLE = Automatic; CURRENT_PROJECT_VERSION = 1; GENERATE_INFOPLIST_FILE = NO; INFOPLIST_FILE = R3ControlWidget/Info.plist; LD_RUNPATH_SEARCH_PATHS = "$(inherited) @executable_path/../../../../Frameworks"; MARKETING_VERSION = 0.2.0; PRODUCT_BUNDLE_IDENTIFIER = com.grazt.R3Control.Widget; PRODUCT_NAME = "$(TARGET_NAME)"; SKIP_INSTALL = YES; SWIFT_STRICT_CONCURRENCY = minimal; }; name = Release; };
/* End XCBuildConfiguration section */

/* Begin XCConfigurationList section */
		F10000000000000000000010 /* Build configuration list for PBXProject R3Control */ = {isa = XCConfigurationList; buildConfigurations = (F10000000000000000000030, F10000000000000000000031, ); defaultConfigurationIsVisible = 0; defaultConfigurationName = Release; };
		F10000000000000000000020 /* Build configuration list for PBXNativeTarget R3Control */ = {isa = XCConfigurationList; buildConfigurations = (F10000000000000000000032, F10000000000000000000033, ); defaultConfigurationIsVisible = 0; defaultConfigurationName = Release; };
		F10000000000000000000021 /* Build configuration list for PBXNativeTarget R3ControlWidget */ = {isa = XCConfigurationList; buildConfigurations = (F10000000000000000000034, F10000000000000000000035, ); defaultConfigurationIsVisible = 0; defaultConfigurationName = Release; };
/* End XCConfigurationList section */
	};
	rootObject = F10000000000000000000001 /* Project object */;
}
